// !$*UTF8*$!
{
	archiveVersion = 1;
	classes = {
	};
	objectVersion = 77;
	objects = {

/* Begin PBXBuildFile section */
		451501162F012A92007FF547 /* FirebaseAuth in Frameworks */ = {isa = PBXBuildFile; productRef = 451501152F012A92007FF547 /* FirebaseAuth */; };
		451501182F012A92007FF547 /* FirebaseCore in Frameworks */ = {isa = PBXBuildFile; productRef = 451501172F012A92007FF547 /* FirebaseCore */; };
		4515011A2F012A92007FF547 /* FirebaseFirestore in Frameworks */ = {isa = PBXBuildFile; productRef = 451501192F012A92007FF547 /* FirebaseFirestore */; };
		4515011D2F012AFA007FF547 /* GoogleSignIn in Frameworks */ = {isa = PBXBuildFile; productRef = 4515011C2F012AFA007FF547 /* GoogleSignIn */; };
		455F3E822F00DB9700F7888D /* SimpleOverlaySystem in Frameworks */ = {isa = PBXBuildFile; productRef = 455F3E812F00DB9700F7888D /* SimpleOverlaySystem */; };
		458B30F82E7E6B0500820E47 /* SwiftUIIntrospect in Frameworks */ = {isa = PBXBuildFile; productRef = 458B30F72E7E6B0500820E47 /* SwiftUIIntrospect */; };
		45962D2C2D4B128300089A48 /* Sparkle in Frameworks */ = {isa = PBXBuildFile; platformFilters = (macos, ); productRef = 45962D2B2D4B128300089A48 /* Sparkle */; };
		45B81D122E21EEB900BB1434 /* MarkdownUI in Frameworks */ = {isa = PBXBuildFile; productRef = 45B81D112E21EEB900BB1434 /* MarkdownUI */; };
/* End PBXBuildFile section */

/* Begin PBXContainerItemProxy section */
		451501022F011EE0007FF547 /* PBXContainerItemProxy */ = {
			isa = PBXContainerItemProxy;
			containerPortal = 45E10B872C69B77300FC31CD /* Project object */;
			proxyType = 1;
			remoteGlobalIDString = 45E10B8E2C69B77300FC31CD;
			remoteInfo = TodoMate;
		};
		4515010F2F011F08007FF547 /* PBXContainerItemProxy */ = {
			isa = PBXContainerItemProxy;
			containerPortal = 45E10B872C69B77300FC31CD /* Project object */;
			proxyType = 1;
			remoteGlobalIDString = 45E10B8E2C69B77300FC31CD;
			remoteInfo = TodoMate;
		};
/* End PBXContainerItemProxy section */

/* Begin PBXFileReference section */
		451500652F0100A9007FF547 /* TodoMate.app */ = {isa = PBXFileReference; explicitFileType = wrapper.application; includeInIndex = 0; path = TodoMate.app; sourceTree = BUILT_PRODUCTS_DIR; };
		451500FC2F011EE0007FF547 /* TodoMateUITests.xctest */ = {isa = PBXFileReference; explicitFileType = wrapper.cfbundle; includeInIndex = 0; path = TodoMateUITests.xctest; sourceTree = BUILT_PRODUCTS_DIR; };
		4515010B2F011F08007FF547 /* TodoMateTests.xctest */ = {isa = PBXFileReference; explicitFileType = wrapper.cfbundle; includeInIndex = 0; path = TodoMateTests.xctest; sourceTree = BUILT_PRODUCTS_DIR; };
		452C64D22E21F56600A68B94 /* .pre-commit-config.yaml */ = {isa = PBXFileReference; lastKnownFileType = text.yaml; path = ".pre-commit-config.yaml"; sourceTree = "<group>"; };
		452C64D32E21F56600A68B94 /* .swiftformat */ = {isa = PBXFileReference; lastKnownFileType = text; path = .swiftformat; sourceTree = "<group>"; };
		452C64D42E21F56600A68B94 /* .swiftlint.yml */ = {isa = PBXFileReference; lastKnownFileType = text.yaml; path = .swiftlint.yml; sourceTree = "<group>"; };
		45DA6A6F2E238BAF007183E3 /* README.md */ = {isa = PBXFileReference; lastKnownFileType = net.daringfireball.markdown; path = README.md; sourceTree = "<group>"; };
/* End PBXFileReference section */

/* Begin PBXFileSystemSynchronizedBuildFileExceptionSet section */
		451500B22F0116D7007FF547 /* Exceptions for "Resource" folder in "TodoMate" target */ = {
			isa = PBXFileSystemSynchronizedBuildFileExceptionSet;
			membershipExceptions = (
				AppIcon.icon,
				Assets.xcassets,
			);
			target = 45E10B8E2C69B77300FC31CD /* TodoMate */;
		};
/* End PBXFileSystemSynchronizedBuildFileExceptionSet section */

/* Begin PBXFileSystemSynchronizedRootGroup section */
		451500B12F0116C3007FF547 /* Resource */ = {
			isa = PBXFileSystemSynchronizedRootGroup;
			exceptions = (
				451500B22F0116D7007FF547 /* Exceptions for "Resource" folder in "TodoMate" target */,
			);
			path = Resource;
			sourceTree = "<group>";
		};
		451500C72F0119EB007FF547 /* App */ = {
			isa = PBXFileSystemSynchronizedRootGroup;
			path = App;
			sourceTree = "<group>";
		};
		451500FD2F011EE0007FF547 /* TodoMateUITests */ = {
			isa = PBXFileSystemSynchronizedRootGroup;
			path = TodoMateUITests;
			sourceTree = "<group>";
		};
		4515010C2F011F08007FF547 /* TodoMateTests */ = {
			isa = PBXFileSystemSynchronizedRootGroup;
			path = TodoMateTests;
			sourceTree = "<group>";
		};
/* End PBXFileSystemSynchronizedRootGroup section */

/* Begin PBXFrameworksBuildPhase section */
		451500F92F011EE0007FF547 /* Frameworks */ = {
			isa = PBXFrameworksBuildPhase;
			buildActionMask = 2147483647;
			files = (
			);
			runOnlyForDeploymentPostprocessing = 0;
		};
		451501082F011F08007FF547 /* Frameworks */ = {
			isa = PBXFrameworksBuildPhase;
			buildActionMask = 2147483647;
			files = (
			);
			runOnlyForDeploymentPostprocessing = 0;
		};
		45E10B8C2C69B77300FC31CD /* Frameworks */ = {
			isa = PBXFrameworksBuildPhase;
			buildActionMask = 2147483647;
			files = (
				45962D2C2D4B128300089A48 /* Sparkle in Frameworks */,
				4515011D2F012AFA007FF547 /* GoogleSignIn in Frameworks */,
				451501162F012A92007FF547 /* FirebaseAuth in Frameworks */,
				45B81D122E21EEB900BB1434 /* MarkdownUI in Frameworks */,
				458B30F82E7E6B0500820E47 /* SwiftUIIntrospect in Frameworks */,
				451501182F012A92007FF547 /* FirebaseCore in Frameworks */,
				455F3E822F00DB9700F7888D /* SimpleOverlaySystem in Frameworks */,
				4515011A2F012A92007FF547 /* FirebaseFirestore in Frameworks */,
			);
			runOnlyForDeploymentPostprocessing = 0;
		};
/* End PBXFrameworksBuildPhase section */

/* Begin PBXGroup section */
		45E10B862C69B77300FC31CD = {
			isa = PBXGroup;
			children = (
				45DA6A6F2E238BAF007183E3 /* README.md */,
				452C64D22E21F56600A68B94 /* .pre-commit-config.yaml */,
				452C64D32E21F56600A68B94 /* .swiftformat */,
				452C64D42E21F56600A68B94 /* .swiftlint.yml */,
				451500C72F0119EB007FF547 /* App */,
				451500B12F0116C3007FF547 /* Resource */,
				451500652F0100A9007FF547 /* TodoMate.app */,
				451500FC2F011EE0007FF547 /* TodoMateUITests.xctest */,
				451500FD2F011EE0007FF547 /* TodoMateUITests */,
				4515010B2F011F08007FF547 /* TodoMateTests.xctest */,
				4515010C2F011F08007FF547 /* TodoMateTests */,
			);
			sourceTree = "<group>";
		};
/* End PBXGroup section */

/* Begin PBXNativeTarget section */
		451500FB2F011EE0007FF547 /* TodoMateUITests */ = {
			isa = PBXNativeTarget;
			buildConfigurationList = 451501042F011EE0007FF547 /* Build configuration list for PBXNativeTarget "TodoMateUITests" */;
			buildPhases = (
				451500F82F011EE0007FF547 /* Sources */,
				451500F92F011EE0007FF547 /* Frameworks */,
				451500FA2F011EE0007FF547 /* Resources */,
			);
			buildRules = (
			);
			dependencies = (
				451501032F011EE0007FF547 /* PBXTargetDependency */,
			);
			fileSystemSynchronizedGroups = (
				451500FD2F011EE0007FF547 /* TodoMateUITests */,
			);
			name = TodoMateUITests;
			packageProductDependencies = (
			);
			productName = TodoMateUITests;
			productReference = 451500FC2F011EE0007FF547 /* TodoMateUITests.xctest */;
			productType = "com.apple.product-type.bundle.ui-testing";
		};
		4515010A2F011F08007FF547 /* TodoMateTests */ = {
			isa = PBXNativeTarget;
			buildConfigurationList = 451501112F011F08007FF547 /* Build configuration list for PBXNativeTarget "TodoMateTests" */;
			buildPhases = (
				451501072F011F08007FF547 /* Sources */,
				451501082F011F08007FF547 /* Frameworks */,
				451501092F011F08007FF547 /* Resources */,
			);
			buildRules = (
			);
			dependencies = (
				451501102F011F08007FF547 /* PBXTargetDependency */,
			);
			fileSystemSynchronizedGroups = (
				4515010C2F011F08007FF547 /* TodoMateTests */,
			);
			name = TodoMateTests;
			packageProductDependencies = (
			);
			productName = TodoMateTests;
			productReference = 4515010B2F011F08007FF547 /* TodoMateTests.xctest */;
			productType = "com.apple.product-type.bundle.unit-test";
		};
		45E10B8E2C69B77300FC31CD /* TodoMate */ = {
			isa = PBXNativeTarget;
			buildConfigurationList = 45E10B9E2C69B77400FC31CD /* Build configuration list for PBXNativeTarget "TodoMate" */;
			buildPhases = (
				451500512F00FF1A007FF547 /* ShellScript */,
				45E10B8B2C69B77300FC31CD /* Sources */,
				45E10B8C2C69B77300FC31CD /* Frameworks */,
				45E10B8D2C69B77300FC31CD /* Resources */,
			);
			buildRules = (
			);
			dependencies = (
			);
			fileSystemSynchronizedGroups = (
				451500C72F0119EB007FF547 /* App */,
			);
			name = TodoMate;
			packageProductDependencies = (
				45962D2B2D4B128300089A48 /* Sparkle */,
				45B81D112E21EEB900BB1434 /* MarkdownUI */,
				458B30F72E7E6B0500820E47 /* SwiftUIIntrospect */,
				455F3E812F00DB9700F7888D /* SimpleOverlaySystem */,
				451501152F012A92007FF547 /* FirebaseAuth */,
				451501172F012A92007FF547 /* FirebaseCore */,
				451501192F012A92007FF547 /* FirebaseFirestore */,
				4515011C2F012AFA007FF547 /* GoogleSignIn */,
			);
			productName = TodoMate;
			productReference = 451500652F0100A9007FF547 /* TodoMate.app */;
			productType = "com.apple.product-type.application";
		};
/* End PBXNativeTarget section */

/* Begin PBXProject section */
		45E10B872C69B77300FC31CD /* Project object */ = {
			isa = PBXProject;
			attributes = {
				BuildIndependentTargetsInParallel = 1;
				LastSwiftUpdateCheck = 2620;
				LastUpgradeCheck = 2620;
				TargetAttributes = {
					451500FB2F011EE0007FF547 = {
						CreatedOnToolsVersion = 26.2;
						TestTargetID = 45E10B8E2C69B77300FC31CD;
					};
					4515010A2F011F08007FF547 = {
						CreatedOnToolsVersion = 26.2;
						TestTargetID = 45E10B8E2C69B77300FC31CD;
					};
					45E10B8E2C69B77300FC31CD = {
						CreatedOnToolsVersion = 16.0;
					};
				};
			};
			buildConfigurationList = 45E10B8A2C69B77300FC31CD /* Build configuration list for PBXProject "TodoMate" */;
			developmentRegion = en;
			hasScannedForEncodings = 0;
			knownRegions = (
				en,
				Base,
			);
			mainGroup = 45E10B862C69B77300FC31CD;
			packageReferences = (
				45962D2A2D4B128300089A48 /* XCRemoteSwiftPackageReference "Sparkle" */,
				45B81D102E21EEB900BB1434 /* XCRemoteSwiftPackageReference "swift-markdown-ui" */,
				458B30F62E7E6B0500820E47 /* XCRemoteSwiftPackageReference "swiftui-introspect" */,
				455F3E802F00DB9700F7888D /* XCRemoteSwiftPackageReference "SimpleOverlaySystem" */,
				451501142F012A92007FF547 /* XCRemoteSwiftPackageReference "firebase-ios-sdk" */,
				4515011B2F012AFA007FF547 /* XCRemoteSwiftPackageReference "GoogleSignIn-iOS" */,
			);
			preferredProjectObjectVersion = 77;
			productRefGroup = 45E10B862C69B77300FC31CD;
			projectDirPath = "";
			projectRoot = "";
			targets = (
				45E10B8E2C69B77300FC31CD /* TodoMate */,
				451500FB2F011EE0007FF547 /* TodoMateUITests */,
				4515010A2F011F08007FF547 /* TodoMateTests */,
			);
		};
/* End PBXProject section */

/* Begin PBXResourcesBuildPhase section */
		451500FA2F011EE0007FF547 /* Resources */ = {
			isa = PBXResourcesBuildPhase;
			buildActionMask = 2147483647;
			files = (
			);
			runOnlyForDeploymentPostprocessing = 0;
		};
		451501092F011F08007FF547 /* Resources */ = {
			isa = PBXResourcesBuildPhase;
			buildActionMask = 2147483647;
			files = (
			);
			runOnlyForDeploymentPostprocessing = 0;
		};
		45E10B8D2C69B77300FC31CD /* Resources */ = {
			isa = PBXResourcesBuildPhase;
			buildActionMask = 2147483647;
			files = (
			);
			runOnlyForDeploymentPostprocessing = 0;
		};
/* End PBXResourcesBuildPhase section */

/* Begin PBXShellScriptBuildPhase section */
		451500512F00FF1A007FF547 /* ShellScript */ = {
			isa = PBXShellScriptBuildPhase;
			buildActionMask = 2147483647;
			files = (
			);
			inputFileListPaths = (
			);
			inputPaths = (
			);
			outputFileListPaths = (
			);
			outputPaths = (
				"$(SRCROOT)/GoogleService-Info.plist",
			);
			runOnlyForDeploymentPostprocessing = 0;
			shellPath = /bin/sh;
			shellScript = "# Type a script or drag a script file from your workspace to insert its path.\n/bin/bash \"${PROJECT_DIR}/script/copy_firebase_config.sh\"\n";
		};
/* End PBXShellScriptBuildPhase section */

/* Begin PBXSourcesBuildPhase section */
		451500F82F011EE0007FF547 /* Sources */ = {
			isa = PBXSourcesBuildPhase;
			buildActionMask = 2147483647;
			files = (
			);
			runOnlyForDeploymentPostprocessing = 0;
		};
		451501072F011F08007FF547 /* Sources */ = {
			isa = PBXSourcesBuildPhase;
			buildActionMask = 2147483647;
			files = (
			);
			runOnlyForDeploymentPostprocessing = 0;
		};
		45E10B8B2C69B77300FC31CD /* Sources */ = {
			isa = PBXSourcesBuildPhase;
			buildActionMask = 2147483647;
			files = (
			);
			runOnlyForDeploymentPostprocessing = 0;
		};
/* End PBXSourcesBuildPhase section */

/* Begin PBXTargetDependency section */
		451501032F011EE0007FF547 /* PBXTargetDependency */ = {
			isa = PBXTargetDependency;
			target = 45E10B8E2C69B77300FC31CD /* TodoMate */;
			targetProxy = 451501022F011EE0007FF547 /* PBXContainerItemProxy */;
		};
		451501102F011F08007FF547 /* PBXTargetDependency */ = {
			isa = PBXTargetDependency;
			target = 45E10B8E2C69B77300FC31CD /* TodoMate */;
			targetProxy = 4515010F2F011F08007FF547 /* PBXContainerItemProxy */;
		};
/* End PBXTargetDependency section */

/* Begin XCBuildConfiguration section */
		451501052F011EE0007FF547 /* Debug */ = {
			isa = XCBuildConfiguration;
			buildSettings = {
				CODE_SIGN_STYLE = Automatic;
				CURRENT_PROJECT_VERSION = 1;
				DEVELOPMENT_TEAM = 8PRWAG4355;
				GENERATE_INFOPLIST_FILE = YES;
				MACOSX_DEPLOYMENT_TARGET = 26.2;
				MARKETING_VERSION = 1.0;
				PRODUCT_BUNDLE_IDENTIFIER = io.hotcs6.TodoMateUITests;
				PRODUCT_NAME = "$(TARGET_NAME)";
				STRING_CATALOG_GENERATE_SYMBOLS = NO;
				SWIFT_APPROACHABLE_CONCURRENCY = YES;
				SWIFT_EMIT_LOC_STRINGS = NO;
				SWIFT_UPCOMING_FEATURE_MEMBER_IMPORT_VISIBILITY = YES;
				SWIFT_VERSION = 5.0;
				TEST_TARGET_NAME = TodoMate;
			};
			name = Debug;
		};
		451501062F011EE0007FF547 /* Release */ = {
			isa = XCBuildConfiguration;
			buildSettings = {
				CODE_SIGN_STYLE = Automatic;
				CURRENT_PROJECT_VERSION = 1;
				DEVELOPMENT_TEAM = 8PRWAG4355;
				GENERATE_INFOPLIST_FILE = YES;
				MACOSX_DEPLOYMENT_TARGET = 26.2;
				MARKETING_VERSION = 1.0;
				PRODUCT_BUNDLE_IDENTIFIER = io.hotcs6.TodoMateUITests;
				PRODUCT_NAME = "$(TARGET_NAME)";
				STRING_CATALOG_GENERATE_SYMBOLS = NO;
				SWIFT_APPROACHABLE_CONCURRENCY = YES;
				SWIFT_EMIT_LOC_STRINGS = NO;
				SWIFT_UPCOMING_FEATURE_MEMBER_IMPORT_VISIBILITY = YES;
				SWIFT_VERSION = 5.0;
				TEST_TARGET_NAME = TodoMate;
			};
			name = Release;
		};
		451501122F011F08007FF547 /* Debug */ = {
			isa = XCBuildConfiguration;
			buildSettings = {
				BUNDLE_LOADER = "$(TEST_HOST)";
				CODE_SIGN_STYLE = Automatic;
				CURRENT_PROJECT_VERSION = 1;
				DEVELOPMENT_TEAM = 8PRWAG4355;
				GENERATE_INFOPLIST_FILE = YES;
				MACOSX_DEPLOYMENT_TARGET = 26.2;
				MARKETING_VERSION = 1.0;
				PRODUCT_BUNDLE_IDENTIFIER = io.hotcs6.TodoMateTests;
				PRODUCT_NAME = "$(TARGET_NAME)";
				STRING_CATALOG_GENERATE_SYMBOLS = NO;
				SWIFT_APPROACHABLE_CONCURRENCY = YES;
				SWIFT_EMIT_LOC_STRINGS = NO;
				SWIFT_UPCOMING_FEATURE_MEMBER_IMPORT_VISIBILITY = YES;
				SWIFT_VERSION = 5.0;
				TEST_HOST = "$(BUILT_PRODUCTS_DIR)/TodoMate.app/$(BUNDLE_EXECUTABLE_FOLDER_PATH)/TodoMate";
			};
			name = Debug;
		};
		451501132F011F08007FF547 /* Release */ = {
			isa = XCBuildConfiguration;
			buildSettings = {
				BUNDLE_LOADER = "$(TEST_HOST)";
				CODE_SIGN_STYLE = Automatic;
				CURRENT_PROJECT_VERSION = 1;
				DEVELOPMENT_TEAM = 8PRWAG4355;
				GENERATE_INFOPLIST_FILE = YES;
				MACOSX_DEPLOYMENT_TARGET = 26.2;
				MARKETING_VERSION = 1.0;
				PRODUCT_BUNDLE_IDENTIFIER = io.hotcs6.TodoMateTests;
				PRODUCT_NAME = "$(TARGET_NAME)";
				STRING_CATALOG_GENERATE_SYMBOLS = NO;
				SWIFT_APPROACHABLE_CONCURRENCY = YES;
				SWIFT_EMIT_LOC_STRINGS = NO;
				SWIFT_UPCOMING_FEATURE_MEMBER_IMPORT_VISIBILITY = YES;
				SWIFT_VERSION = 5.0;
				TEST_HOST = "$(BUILT_PRODUCTS_DIR)/TodoMate.app/$(BUNDLE_EXECUTABLE_FOLDER_PATH)/TodoMate";
			};
			name = Release;
		};
		45E10B9C2C69B77400FC31CD /* Debug */ = {
			isa = XCBuildConfiguration;
			buildSettings = {
				ALWAYS_SEARCH_USER_PATHS = NO;
				ASSETCATALOG_COMPILER_APPICON_NAME = AppIcon;
				ASSETCATALOG_COMPILER_GENERATE_SWIFT_ASSET_SYMBOL_EXTENSIONS = YES;
				ASSETCATALOG_COMPILER_INCLUDE_ALL_APPICON_ASSETS = YES;
				CLANG_ANALYZER_NONNULL = YES;
				CLANG_ANALYZER_NUMBER_OBJECT_CONVERSION = YES_AGGRESSIVE;
				CLANG_CXX_LANGUAGE_STANDARD = "gnu++20";
				CLANG_ENABLE_MODULES = YES;
				CLANG_ENABLE_OBJC_ARC = YES;
				CLANG_ENABLE_OBJC_WEAK = YES;
				CLANG_WARN_BLOCK_CAPTURE_AUTORELEASING = YES;
				CLANG_WARN_BOOL_CONVERSION = YES;
				CLANG_WARN_COMMA = YES;
				CLANG_WARN_CONSTANT_CONVERSION = YES;
				CLANG_WARN_DEPRECATED_OBJC_IMPLEMENTATIONS = YES;
				CLANG_WARN_DIRECT_OBJC_ISA_USAGE = YES_ERROR;
				CLANG_WARN_DOCUMENTATION_COMMENTS = YES;
				CLANG_WARN_EMPTY_BODY = YES;
				CLANG_WARN_ENUM_CONVERSION = YES;
				CLANG_WARN_INFINITE_RECURSION = YES;
				CLANG_WARN_INT_CONVERSION = YES;
				CLANG_WARN_NON_LITERAL_NULL_CONVERSION = YES;
				CLANG_WARN_OBJC_IMPLICIT_RETAIN_SELF = YES;
				CLANG_WARN_OBJC_LITERAL_CONVERSION = YES;
				CLANG_WARN_OBJC_ROOT_CLASS = YES_ERROR;
				CLANG_WARN_QUOTED_INCLUDE_IN_FRAMEWORK_HEADER = YES;
				CLANG_WARN_RANGE_LOOP_ANALYSIS = YES;
				CLANG_WARN_STRICT_PROTOTYPES = YES;
				CLANG_WARN_SUSPICIOUS_MOVE = YES;
				CLANG_WARN_UNGUARDED_AVAILABILITY = YES_AGGRESSIVE;
				CLANG_WARN_UNREACHABLE_CODE = YES;
				CLANG_WARN__DUPLICATE_METHOD_MATCH = YES;
				COPY_PHASE_STRIP = NO;
				DEAD_CODE_STRIPPING = YES;
				DEBUG_INFORMATION_FORMAT = dwarf;
				ENABLE_STRICT_OBJC_MSGSEND = YES;
				ENABLE_TESTABILITY = YES;
				ENABLE_USER_SCRIPT_SANDBOXING = YES;
				GCC_C_LANGUAGE_STANDARD = gnu17;
				GCC_DYNAMIC_NO_PIC = NO;
				GCC_NO_COMMON_BLOCKS = YES;
				GCC_OPTIMIZATION_LEVEL = 0;
				GCC_PREPROCESSOR_DEFINITIONS = (
					"DEBUG=1",
					"$(inherited)",
				);
				GCC_WARN_64_TO_32_BIT_CONVERSION = YES;
				GCC_WARN_ABOUT_RETURN_TYPE = YES_ERROR;
				GCC_WARN_UNDECLARED_SELECTOR = YES;
				GCC_WARN_UNINITIALIZED_AUTOS = YES_AGGRESSIVE;
				GCC_WARN_UNUSED_FUNCTION = YES;
				GCC_WARN_UNUSED_VARIABLE = YES;
				LOCALIZATION_PREFERS_STRING_CATALOGS = YES;
				MACOSX_DEPLOYMENT_TARGET = 15.0;
				MTL_ENABLE_DEBUG_INFO = INCLUDE_SOURCE;
				MTL_FAST_MATH = YES;
				ONLY_ACTIVE_ARCH = YES;
				SDKROOT = macosx;
				SWIFT_ACTIVE_COMPILATION_CONDITIONS = "DEBUG $(inherited)";
				SWIFT_OPTIMIZATION_LEVEL = "-Onone";
			};
			name = Debug;
		};
		45E10B9D2C69B77400FC31CD /* Release */ = {
			isa = XCBuildConfiguration;
			buildSettings = {
				ALWAYS_SEARCH_USER_PATHS = NO;
				ASSETCATALOG_COMPILER_APPICON_NAME = AppIcon;
				ASSETCATALOG_COMPILER_GENERATE_SWIFT_ASSET_SYMBOL_EXTENSIONS = YES;
				ASSETCATALOG_COMPILER_INCLUDE_ALL_APPICON_ASSETS = YES;
				CLANG_ANALYZER_NONNULL = YES;
				CLANG_ANALYZER_NUMBER_OBJECT_CONVERSION = YES_AGGRESSIVE;
				CLANG_CXX_LANGUAGE_STANDARD = "gnu++20";
				CLANG_ENABLE_MODULES = YES;
				CLANG_ENABLE_OBJC_ARC = YES;
				CLANG_ENABLE_OBJC_WEAK = YES;
				CLANG_WARN_BLOCK_CAPTURE_AUTORELEASING = YES;
				CLANG_WARN_BOOL_CONVERSION = YES;
				CLANG_WARN_COMMA = YES;
				CLANG_WARN_CONSTANT_CONVERSION = YES;
				CLANG_WARN_DEPRECATED_OBJC_IMPLEMENTATIONS = YES;
				CLANG_WARN_DIRECT_OBJC_ISA_USAGE = YES_ERROR;
				CLANG_WARN_DOCUMENTATION_COMMENTS = YES;
				CLANG_WARN_EMPTY_BODY = YES;
				CLANG_WARN_ENUM_CONVERSION = YES;
				CLANG_WARN_INFINITE_RECURSION = YES;
				CLANG_WARN_INT_CONVERSION = YES;
				CLANG_WARN_NON_LITERAL_NULL_CONVERSION = YES;
				CLANG_WARN_OBJC_IMPLICIT_RETAIN_SELF = YES;
				CLANG_WARN_OBJC_LITERAL_CONVERSION = YES;
				CLANG_WARN_OBJC_ROOT_CLASS = YES_ERROR;
				CLANG_WARN_QUOTED_INCLUDE_IN_FRAMEWORK_HEADER = YES;
				CLANG_WARN_RANGE_LOOP_ANALYSIS = YES;
				CLANG_WARN_STRICT_PROTOTYPES = YES;
				CLANG_WARN_SUSPICIOUS_MOVE = YES;
				CLANG_WARN_UNGUARDED_AVAILABILITY = YES_AGGRESSIVE;
				CLANG_WARN_UNREACHABLE_CODE = YES;
				CLANG_WARN__DUPLICATE_METHOD_MATCH = YES;
				COPY_PHASE_STRIP = NO;
				DEAD_CODE_STRIPPING = YES;
				DEBUG_INFORMATION_FORMAT = "dwarf-with-dsym";
				ENABLE_NS_ASSERTIONS = NO;
				ENABLE_STRICT_OBJC_MSGSEND = YES;
				ENABLE_USER_SCRIPT_SANDBOXING = YES;
				GCC_C_LANGUAGE_STANDARD = gnu17;
				GCC_NO_COMMON_BLOCKS = YES;
				GCC_WARN_64_TO_32_BIT_CONVERSION = YES;
				GCC_WARN_ABOUT_RETURN_TYPE = YES_ERROR;
				GCC_WARN_UNDECLARED_SELECTOR = YES;
				GCC_WARN_UNINITIALIZED_AUTOS = YES_AGGRESSIVE;
				GCC_WARN_UNUSED_FUNCTION = YES;
				GCC_WARN_UNUSED_VARIABLE = YES;
				LOCALIZATION_PREFERS_STRING_CATALOGS = YES;
				MACOSX_DEPLOYMENT_TARGET = 15.0;
				MTL_ENABLE_DEBUG_INFO = NO;
				MTL_FAST_MATH = YES;
				SDKROOT = macosx;
				SWIFT_COMPILATION_MODE = wholemodule;
			};
			name = Release;
		};
		45E10B9F2C69B77400FC31CD /* Debug */ = {
			isa = XCBuildConfiguration;
			buildSettings = {
				ASSETCATALOG_COMPILER_APPICON_NAME = AppIcon;
				ASSETCATALOG_COMPILER_GLOBAL_ACCENT_COLOR_NAME = AccentColor;
				ASSETCATALOG_COMPILER_INCLUDE_ALL_APPICON_ASSETS = NO;
				CODE_SIGN_ENTITLEMENTS = Resource/TodoMateDebug.entitlements;
				CODE_SIGN_IDENTITY = "Apple Development";
				CODE_SIGN_STYLE = Automatic;
				COMBINE_HIDPI_IMAGES = YES;
				CURRENT_PROJECT_VERSION = 1;
				DEAD_CODE_STRIPPING = YES;
				DEVELOPMENT_ASSET_PATHS = "";
				DEVELOPMENT_TEAM = 8PRWAG4355;
				ENABLE_APP_SANDBOX = YES;
				ENABLE_HARDENED_RUNTIME = YES;
				ENABLE_PREVIEWS = YES;
				ENABLE_USER_SCRIPT_SANDBOXING = NO;
				GENERATE_INFOPLIST_FILE = YES;
				INFOPLIST_FILE = Resource/InfoDebug.plist;
				INFOPLIST_KEY_CFBundleDisplayName = TodoMate;
				INFOPLIST_KEY_LSApplicationCategoryType = "public.app-category.productivity";
				INFOPLIST_KEY_NSHumanReadableCopyright = "";
				INFOPLIST_KEY_UISupportedInterfaceOrientations_iPad = UIInterfaceOrientationPortrait;
				IPHONEOS_DEPLOYMENT_TARGET = 18.0;
				LD_RUNPATH_SEARCH_PATHS = (
					"$(inherited)",
					"@executable_path/../Frameworks",
				);
				MACOSX_DEPLOYMENT_TARGET = 26.0;
				MARKETING_VERSION = 2.0.0;
				OTHER_LDFLAGS = "-ObjC";
				OTHER_SWIFT_FLAGS = "";
				PRODUCT_BUNDLE_IDENTIFIER = io.hotcs6.TodoMateDebug;
				PRODUCT_NAME = "$(TARGET_NAME)";
				PROVISIONING_PROFILE_SPECIFIER = "";
				SUPPORTED_PLATFORMS = macosx;
				SUPPORTS_MACCATALYST = NO;
				SUPPORTS_MAC_DESIGNED_FOR_IPHONE_IPAD = NO;
				SWIFT_ACTIVE_COMPILATION_CONDITIONS = "DEBUG $(inherited)";
				SWIFT_EMIT_LOC_STRINGS = YES;
				SWIFT_VERSION = 5.0;
				_EXPERIMENTAL_SWIFT_EXPLICIT_MODULES = YES;
			};
			name = Debug;
		};
		45E10BA02C69B77400FC31CD /* Release */ = {
			isa = XCBuildConfiguration;
			buildSettings = {
				ASSETCATALOG_COMPILER_APPICON_NAME = AppIcon;
				ASSETCATALOG_COMPILER_GLOBAL_ACCENT_COLOR_NAME = AccentColor;
				ASSETCATALOG_COMPILER_INCLUDE_ALL_APPICON_ASSETS = NO;
				CODE_SIGN_ENTITLEMENTS = Resource/TodoMate.entitlements;
				CODE_SIGN_IDENTITY = "Apple Development";
				CODE_SIGN_STYLE = Automatic;
				COMBINE_HIDPI_IMAGES = YES;
				CURRENT_PROJECT_VERSION = 1;
				DEAD_CODE_STRIPPING = YES;
				DEVELOPMENT_ASSET_PATHS = "";
				DEVELOPMENT_TEAM = 8PRWAG4355;
				ENABLE_APP_SANDBOX = YES;
				ENABLE_HARDENED_RUNTIME = YES;
				ENABLE_PREVIEWS = YES;
				ENABLE_USER_SCRIPT_SANDBOXING = NO;
				GENERATE_INFOPLIST_FILE = YES;
				INFOPLIST_FILE = Resource/Info.plist;
				INFOPLIST_KEY_CFBundleDisplayName = TodoMate;
				INFOPLIST_KEY_LSApplicationCategoryType = "public.app-category.productivity";
				INFOPLIST_KEY_NSHumanReadableCopyright = "";
				INFOPLIST_KEY_UISupportedInterfaceOrientations_iPad = UIInterfaceOrientationPortrait;
				IPHONEOS_DEPLOYMENT_TARGET = 18.0;
				LD_RUNPATH_SEARCH_PATHS = (
					"$(inherited)",
					"@executable_path/../Frameworks",
				);
				MACOSX_DEPLOYMENT_TARGET = 26.0;
				MARKETING_VERSION = 2.0.0;
				OTHER_LDFLAGS = "-ObjC";
				OTHER_SWIFT_FLAGS = "";
				PRODUCT_BUNDLE_IDENTIFIER = io.hotcs6.TodoMate;
				PRODUCT_NAME = "$(TARGET_NAME)";
				PROVISIONING_PROFILE_SPECIFIER = "";
				SUPPORTED_PLATFORMS = macosx;
				SUPPORTS_MACCATALYST = NO;
				SUPPORTS_MAC_DESIGNED_FOR_IPHONE_IPAD = NO;
				SWIFT_EMIT_LOC_STRINGS = YES;
				SWIFT_VERSION = 5.0;
				_EXPERIMENTAL_SWIFT_EXPLICIT_MODULES = YES;
			};
			name = Release;
		};
/* End XCBuildConfiguration section */

/* Begin XCConfigurationList section */
		451501042F011EE0007FF547 /* Build configuration list for PBXNativeTarget "TodoMateUITests" */ = {
			isa = XCConfigurationList;
			buildConfigurations = (
				451501052F011EE0007FF547 /* Debug */,
				451501062F011EE0007FF547 /* Release */,
			);
			defaultConfigurationIsVisible = 0;
			defaultConfigurationName = Release;
		};
		451501112F011F08007FF547 /* Build configuration list for PBXNativeTarget "TodoMateTests" */ = {
			isa = XCConfigurationList;
			buildConfigurations = (
				451501122F011F08007FF547 /* Debug */,
				451501132F011F08007FF547 /* Release */,
			);
			defaultConfigurationIsVisible = 0;
			defaultConfigurationName = Release;
		};
		45E10B8A2C69B77300FC31CD /* Build configuration list for PBXProject "TodoMate" */ = {
			isa = XCConfigurationList;
			buildConfigurations = (
				45E10B9C2C69B77400FC31CD /* Debug */,
				45E10B9D2C69B77400FC31CD /* Release */,
			);
			defaultConfigurationIsVisible = 0;
			defaultConfigurationName = Release;
		};
		45E10B9E2C69B77400FC31CD /* Build configuration list for PBXNativeTarget "TodoMate" */ = {
			isa = XCConfigurationList;
			buildConfigurations = (
				45E10B9F2C69B77400FC31CD /* Debug */,
				45E10BA02C69B77400FC31CD /* Release */,
			);
			defaultConfigurationIsVisible = 0;
			defaultConfigurationName = Release;
		};
/* End XCConfigurationList section */

/* Begin XCRemoteSwiftPackageReference section */
		451501142F012A92007FF547 /* XCRemoteSwiftPackageReference "firebase-ios-sdk" */ = {
			isa = XCRemoteSwiftPackageReference;
			repositoryURL = "https://github.com/firebase/firebase-ios-sdk";
			requirement = {
				kind = upToNextMajorVersion;
				minimumVersion = 12.7.0;
			};
		};
		4515011B2F012AFA007FF547 /* XCRemoteSwiftPackageReference "GoogleSignIn-iOS" */ = {
			isa = XCRemoteSwiftPackageReference;
			repositoryURL = "https://github.com/google/GoogleSignIn-iOS";
			requirement = {
				kind = upToNextMajorVersion;
				minimumVersion = 9.0.0;
			};
		};
		455F3E802F00DB9700F7888D /* XCRemoteSwiftPackageReference "SimpleOverlaySystem" */ = {
			isa = XCRemoteSwiftPackageReference;
			repositoryURL = "https://github.com/hot666666/SimpleOverlaySystem.git";
			requirement = {
				branch = main;
				kind = branch;
			};
		};
		458B30F62E7E6B0500820E47 /* XCRemoteSwiftPackageReference "swiftui-introspect" */ = {
			isa = XCRemoteSwiftPackageReference;
			repositoryURL = "https://github.com/siteline/swiftui-introspect";
			requirement = {
				kind = upToNextMajorVersion;
				minimumVersion = 26.0.0;
			};
		};
		45962D2A2D4B128300089A48 /* XCRemoteSwiftPackageReference "Sparkle" */ = {
			isa = XCRemoteSwiftPackageReference;
			repositoryURL = "https://github.com/sparkle-project/Sparkle";
			requirement = {
				kind = upToNextMajorVersion;
				minimumVersion = 2.6.4;
			};
		};
		45B81D102E21EEB900BB1434 /* XCRemoteSwiftPackageReference "swift-markdown-ui" */ = {
			isa = XCRemoteSwiftPackageReference;
			repositoryURL = "https://github.com/gonzalezreal/swift-markdown-ui";
			requirement = {
				kind = upToNextMajorVersion;
				minimumVersion = 2.4.1;
			};
		};
/* End XCRemoteSwiftPackageReference section */

/* Begin XCSwiftPackageProductDependency section */
		451501152F012A92007FF547 /* FirebaseAuth */ = {
			isa = XCSwiftPackageProductDependency;
			package = 451501142F012A92007FF547 /* XCRemoteSwiftPackageReference "firebase-ios-sdk" */;
			productName = FirebaseAuth;
		};
		451501172F012A92007FF547 /* FirebaseCore */ = {
			isa = XCSwiftPackageProductDependency;
			package = 451501142F012A92007FF547 /* XCRemoteSwiftPackageReference "firebase-ios-sdk" */;
			productName = FirebaseCore;
		};
		451501192F012A92007FF547 /* FirebaseFirestore */ = {
			isa = XCSwiftPackageProductDependency;
			package = 451501142F012A92007FF547 /* XCRemoteSwiftPackageReference "firebase-ios-sdk" */;
			productName = FirebaseFirestore;
		};
		4515011C2F012AFA007FF547 /* GoogleSignIn */ = {
			isa = XCSwiftPackageProductDependency;
			package = 4515011B2F012AFA007FF547 /* XCRemoteSwiftPackageReference "GoogleSignIn-iOS" */;
			productName = GoogleSignIn;
		};
		455F3E812F00DB9700F7888D /* SimpleOverlaySystem */ = {
			isa = XCSwiftPackageProductDependency;
			package = 455F3E802F00DB9700F7888D /* XCRemoteSwiftPackageReference "SimpleOverlaySystem" */;
			productName = SimpleOverlaySystem;
		};
		458B30F72E7E6B0500820E47 /* SwiftUIIntrospect */ = {
			isa = XCSwiftPackageProductDependency;
			package = 458B30F62E7E6B0500820E47 /* XCRemoteSwiftPackageReference "swiftui-introspect" */;
			productName = SwiftUIIntrospect;
		};
		45962D2B2D4B128300089A48 /* Sparkle */ = {
			isa = XCSwiftPackageProductDependency;
			package = 45962D2A2D4B128300089A48 /* XCRemoteSwiftPackageReference "Sparkle" */;
			productName = Sparkle;
		};
		45B81D112E21EEB900BB1434 /* MarkdownUI */ = {
			isa = XCSwiftPackageProductDependency;
			package = 45B81D102E21EEB900BB1434 /* XCRemoteSwiftPackageReference "swift-markdown-ui" */;
			productName = MarkdownUI;
		};
/* End XCSwiftPackageProductDependency section */
	};
	rootObject = 45E10B872C69B77300FC31CD /* Project object */;
}
