// !$*UTF8*$!
{
	archiveVersion = 1;
	classes = {
	};
	objectVersion = 60;
	objects = {

/* Begin PBXBuildFile section */
		4523041E2C6DD1440026C24B /* FirebaseFirestore in Frameworks */ = {isa = PBXBuildFile; productRef = 4523041D2C6DD1440026C24B /* FirebaseFirestore */; };
		452304202C6DD2DF0026C24B /* GoogleService-Info.plist in Resources */ = {isa = PBXBuildFile; fileRef = 4523041F2C6DD2DF0026C24B /* GoogleService-Info.plist */; };
		4554309A2C6C43B70003E41C /* CalendarView.swift in Sources */ = {isa = PBXBuildFile; fileRef = 455430992C6C43B30003E41C /* CalendarView.swift */; };
		457B43BE2C6DF56E0049334A /* TodoDTO.swift in Sources */ = {isa = PBXBuildFile; fileRef = 457B43BD2C6DF56A0049334A /* TodoDTO.swift */; };
		457B43C02C6DF9610049334A /* FirestoreTodoRepository.swift in Sources */ = {isa = PBXBuildFile; fileRef = 457B43BF2C6DF9600049334A /* FirestoreTodoRepository.swift */; };
		457B43C22C6DFA600049334A /* TodoManager.swift in Sources */ = {isa = PBXBuildFile; fileRef = 457B43C12C6DFA5B0049334A /* TodoManager.swift */; };
		457B43C42C6DFFBA0049334A /* FirestoreUserRepository.swift in Sources */ = {isa = PBXBuildFile; fileRef = 457B43C32C6DFFB20049334A /* FirestoreUserRepository.swift */; };
		457B43C62C6DFFD00049334A /* FirestoreReference.swift in Sources */ = {isa = PBXBuildFile; fileRef = 457B43C52C6DFFCA0049334A /* FirestoreReference.swift */; };
		457B43C92C6E0D140049334A /* User.swift in Sources */ = {isa = PBXBuildFile; fileRef = 457B43C82C6E0D120049334A /* User.swift */; };
		457B43CB2C6E18FB0049334A /* UserManager.swift in Sources */ = {isa = PBXBuildFile; fileRef = 457B43CA2C6E18F60049334A /* UserManager.swift */; };
		45ACB0032C6B0A42005F4B17 /* AppState.swift in Sources */ = {isa = PBXBuildFile; fileRef = 45ACB0022C6B0A40005F4B17 /* AppState.swift */; };
		45ACB0052C6B0A8D005F4B17 /* TodoListSheetView.swift in Sources */ = {isa = PBXBuildFile; fileRef = 45ACB0042C6B0A89005F4B17 /* TodoListSheetView.swift */; };
		45ACB00A2C6B6217005F4B17 /* DateSettingView.swift in Sources */ = {isa = PBXBuildFile; fileRef = 45ACB0092C6B6214005F4B17 /* DateSettingView.swift */; };
		45ACB00C2C6B65E1005F4B17 /* Const.swift in Sources */ = {isa = PBXBuildFile; fileRef = 45ACB00B2C6B65DE005F4B17 /* Const.swift */; };
		45ACB00E2C6B92A3005F4B17 /* CalendarDay.swift in Sources */ = {isa = PBXBuildFile; fileRef = 45ACB00D2C6B929F005F4B17 /* CalendarDay.swift */; };
		45ACB0112C6B93FE005F4B17 /* HoverButtonStyle.swift in Sources */ = {isa = PBXBuildFile; fileRef = 45ACB0102C6B93FA005F4B17 /* HoverButtonStyle.swift */; };
		45E10B932C69B77300FC31CD /* TodoMateApp.swift in Sources */ = {isa = PBXBuildFile; fileRef = 45E10B922C69B77300FC31CD /* TodoMateApp.swift */; };
		45E10B952C69B77300FC31CD /* ContentView.swift in Sources */ = {isa = PBXBuildFile; fileRef = 45E10B942C69B77300FC31CD /* ContentView.swift */; };
		45E10B972C69B77400FC31CD /* Assets.xcassets in Resources */ = {isa = PBXBuildFile; fileRef = 45E10B962C69B77400FC31CD /* Assets.xcassets */; };
		45E10B9A2C69B77400FC31CD /* Preview Assets.xcassets in Resources */ = {isa = PBXBuildFile; fileRef = 45E10B992C69B77400FC31CD /* Preview Assets.xcassets */; };
		45E10BA32C69FA2F00FC31CD /* Todo.swift in Sources */ = {isa = PBXBuildFile; fileRef = 45E10BA22C69FA2B00FC31CD /* Todo.swift */; };
		45E10BA62C6A097100FC31CD /* View+Extension.swift in Sources */ = {isa = PBXBuildFile; fileRef = 45E10BA52C6A097100FC31CD /* View+Extension.swift */; };
		45E10BAD2C6A103900FC31CD /* TodoListView.swift in Sources */ = {isa = PBXBuildFile; fileRef = 45E10BAC2C6A103400FC31CD /* TodoListView.swift */; };
		45ED09012C6A1307005A8096 /* StatusPopoverButton.swift in Sources */ = {isa = PBXBuildFile; fileRef = 45ED09002C6A1300005A8096 /* StatusPopoverButton.swift */; };
		45ED09042C6ADDA7005A8096 /* UserDTO.swift in Sources */ = {isa = PBXBuildFile; fileRef = 45ED09032C6ADDA2005A8096 /* UserDTO.swift */; };
		45ED09082C6AEC0B005A8096 /* Date+Extension.swift in Sources */ = {isa = PBXBuildFile; fileRef = 45ED09072C6AEC0B005A8096 /* Date+Extension.swift */; };
/* End PBXBuildFile section */

/* Begin PBXFileReference section */
		4523041F2C6DD2DF0026C24B /* GoogleService-Info.plist */ = {isa = PBXFileReference; lastKnownFileType = text.plist.xml; path = "GoogleService-Info.plist"; sourceTree = "<group>"; };
		455430992C6C43B30003E41C /* CalendarView.swift */ = {isa = PBXFileReference; lastKnownFileType = sourcecode.swift; path = CalendarView.swift; sourceTree = "<group>"; };
		457B43BD2C6DF56A0049334A /* TodoDTO.swift */ = {isa = PBXFileReference; lastKnownFileType = sourcecode.swift; path = TodoDTO.swift; sourceTree = "<group>"; };
		457B43BF2C6DF9600049334A /* FirestoreTodoRepository.swift */ = {isa = PBXFileReference; lastKnownFileType = sourcecode.swift; path = FirestoreTodoRepository.swift; sourceTree = "<group>"; };
		457B43C12C6DFA5B0049334A /* TodoManager.swift */ = {isa = PBXFileReference; lastKnownFileType = sourcecode.swift; path = TodoManager.swift; sourceTree = "<group>"; };
		457B43C32C6DFFB20049334A /* FirestoreUserRepository.swift */ = {isa = PBXFileReference; lastKnownFileType = sourcecode.swift; path = FirestoreUserRepository.swift; sourceTree = "<group>"; };
		457B43C52C6DFFCA0049334A /* FirestoreReference.swift */ = {isa = PBXFileReference; lastKnownFileType = sourcecode.swift; path = FirestoreReference.swift; sourceTree = "<group>"; };
		457B43C82C6E0D120049334A /* User.swift */ = {isa = PBXFileReference; lastKnownFileType = sourcecode.swift; path = User.swift; sourceTree = "<group>"; };
		457B43CA2C6E18F60049334A /* UserManager.swift */ = {isa = PBXFileReference; lastKnownFileType = sourcecode.swift; path = UserManager.swift; sourceTree = "<group>"; };
		45ACB0022C6B0A40005F4B17 /* AppState.swift */ = {isa = PBXFileReference; lastKnownFileType = sourcecode.swift; path = AppState.swift; sourceTree = "<group>"; };
		45ACB0042C6B0A89005F4B17 /* TodoListSheetView.swift */ = {isa = PBXFileReference; lastKnownFileType = sourcecode.swift; path = TodoListSheetView.swift; sourceTree = "<group>"; };
		45ACB0082C6B3FED005F4B17 /* TodoMate.app */ = {isa = PBXFileReference; explicitFileType = wrapper.application; includeInIndex = 0; path = TodoMate.app; sourceTree = BUILT_PRODUCTS_DIR; };
		45ACB0092C6B6214005F4B17 /* DateSettingView.swift */ = {isa = PBXFileReference; lastKnownFileType = sourcecode.swift; path = DateSettingView.swift; sourceTree = "<group>"; };
		45ACB00B2C6B65DE005F4B17 /* Const.swift */ = {isa = PBXFileReference; lastKnownFileType = sourcecode.swift; path = Const.swift; sourceTree = "<group>"; };
		45ACB00D2C6B929F005F4B17 /* CalendarDay.swift */ = {isa = PBXFileReference; lastKnownFileType = sourcecode.swift; path = CalendarDay.swift; sourceTree = "<group>"; };
		45ACB0102C6B93FA005F4B17 /* HoverButtonStyle.swift */ = {isa = PBXFileReference; lastKnownFileType = sourcecode.swift; path = HoverButtonStyle.swift; sourceTree = "<group>"; };
		45E10B922C69B77300FC31CD /* TodoMateApp.swift */ = {isa = PBXFileReference; lastKnownFileType = sourcecode.swift; path = TodoMateApp.swift; sourceTree = "<group>"; };
		45E10B942C69B77300FC31CD /* ContentView.swift */ = {isa = PBXFileReference; lastKnownFileType = sourcecode.swift; path = ContentView.swift; sourceTree = "<group>"; };
		45E10B962C69B77400FC31CD /* Assets.xcassets */ = {isa = PBXFileReference; lastKnownFileType = folder.assetcatalog; path = Assets.xcassets; sourceTree = "<group>"; };
		45E10B992C69B77400FC31CD /* Preview Assets.xcassets */ = {isa = PBXFileReference; lastKnownFileType = folder.assetcatalog; path = "Preview Assets.xcassets"; sourceTree = "<group>"; };
		45E10B9B2C69B77400FC31CD /* TodoMate.entitlements */ = {isa = PBXFileReference; lastKnownFileType = text.plist.entitlements; path = TodoMate.entitlements; sourceTree = "<group>"; };
		45E10BA22C69FA2B00FC31CD /* Todo.swift */ = {isa = PBXFileReference; lastKnownFileType = sourcecode.swift; path = Todo.swift; sourceTree = "<group>"; };
		45E10BA52C6A097100FC31CD /* View+Extension.swift */ = {isa = PBXFileReference; lastKnownFileType = sourcecode.swift; path = "View+Extension.swift"; sourceTree = "<group>"; };
		45E10BAC2C6A103400FC31CD /* TodoListView.swift */ = {isa = PBXFileReference; lastKnownFileType = sourcecode.swift; path = TodoListView.swift; sourceTree = "<group>"; };
		45ED09002C6A1300005A8096 /* StatusPopoverButton.swift */ = {isa = PBXFileReference; lastKnownFileType = sourcecode.swift; path = StatusPopoverButton.swift; sourceTree = "<group>"; };
		45ED09032C6ADDA2005A8096 /* UserDTO.swift */ = {isa = PBXFileReference; lastKnownFileType = sourcecode.swift; path = UserDTO.swift; sourceTree = "<group>"; };
		45ED09072C6AEC0B005A8096 /* Date+Extension.swift */ = {isa = PBXFileReference; lastKnownFileType = sourcecode.swift; path = "Date+Extension.swift"; sourceTree = "<group>"; };
/* End PBXFileReference section */

/* Begin PBXFrameworksBuildPhase section */
		45E10B8C2C69B77300FC31CD /* Frameworks */ = {
			isa = PBXFrameworksBuildPhase;
			buildActionMask = 2147483647;
			files = (
				4523041E2C6DD1440026C24B /* FirebaseFirestore in Frameworks */,
			);
			runOnlyForDeploymentPostprocessing = 0;
		};
/* End PBXFrameworksBuildPhase section */

/* Begin PBXGroup section */
		45ACAFFC2C6AFD48005F4B17 /* Helper */ = {
			isa = PBXGroup;
			children = (
				457B43CA2C6E18F60049334A /* UserManager.swift */,
				457B43C12C6DFA5B0049334A /* TodoManager.swift */,
				45ACB0022C6B0A40005F4B17 /* AppState.swift */,
			);
			path = Helper;
			sourceTree = "<group>";
		};
		45ACAFFD2C6AFD57005F4B17 /* Repository */ = {
			isa = PBXGroup;
			children = (
				457B43C52C6DFFCA0049334A /* FirestoreReference.swift */,
				457B43C32C6DFFB20049334A /* FirestoreUserRepository.swift */,
				457B43BF2C6DF9600049334A /* FirestoreTodoRepository.swift */,
			);
			path = Repository;
			sourceTree = "<group>";
		};
		45ACB00F2C6B93DF005F4B17 /* Common */ = {
			isa = PBXGroup;
			children = (
				45ACB0102C6B93FA005F4B17 /* HoverButtonStyle.swift */,
			);
			path = Common;
			sourceTree = "<group>";
		};
		45E10B862C69B77300FC31CD = {
			isa = PBXGroup;
			children = (
				45E10B912C69B77300FC31CD /* TodoMate */,
				45ACB0082C6B3FED005F4B17 /* TodoMate.app */,
			);
			sourceTree = "<group>";
		};
		45E10B912C69B77300FC31CD /* TodoMate */ = {
			isa = PBXGroup;
			children = (
				4523041F2C6DD2DF0026C24B /* GoogleService-Info.plist */,
				45ACB00B2C6B65DE005F4B17 /* Const.swift */,
				45E10B9B2C69B77400FC31CD /* TodoMate.entitlements */,
				45E10B922C69B77300FC31CD /* TodoMateApp.swift */,
				45E10BAB2C6A102400FC31CD /* View */,
				45ACAFFC2C6AFD48005F4B17 /* Helper */,
				45ACAFFD2C6AFD57005F4B17 /* Repository */,
				45E10BA42C6A095B00FC31CD /* Extension */,
				45E10BA12C69FA0E00FC31CD /* Model */,
				45ED09022C6ADD80005A8096 /* DTO */,
				45E10BAE2C6A10A300FC31CD /* Resource */,
			);
			path = TodoMate;
			sourceTree = "<group>";
		};
		45E10BA12C69FA0E00FC31CD /* Model */ = {
			isa = PBXGroup;
			children = (
				457B43C82C6E0D120049334A /* User.swift */,
				45E10BA22C69FA2B00FC31CD /* Todo.swift */,
				45ACB00D2C6B929F005F4B17 /* CalendarDay.swift */,
			);
			path = Model;
			sourceTree = "<group>";
		};
		45E10BA42C6A095B00FC31CD /* Extension */ = {
			isa = PBXGroup;
			children = (
				45ED09072C6AEC0B005A8096 /* Date+Extension.swift */,
				45E10BA52C6A097100FC31CD /* View+Extension.swift */,
			);
			path = Extension;
			sourceTree = "<group>";
		};
		45E10BAB2C6A102400FC31CD /* View */ = {
			isa = PBXGroup;
			children = (
				45E10B942C69B77300FC31CD /* ContentView.swift */,
				45ACB00F2C6B93DF005F4B17 /* Common */,
				455430992C6C43B30003E41C /* CalendarView.swift */,
				45ACB0092C6B6214005F4B17 /* DateSettingView.swift */,
				45ACB0042C6B0A89005F4B17 /* TodoListSheetView.swift */,
				45ED09002C6A1300005A8096 /* StatusPopoverButton.swift */,
				45E10BAC2C6A103400FC31CD /* TodoListView.swift */,
			);
			path = View;
			sourceTree = "<group>";
		};
		45E10BAE2C6A10A300FC31CD /* Resource */ = {
			isa = PBXGroup;
			children = (
				45E10B962C69B77400FC31CD /* Assets.xcassets */,
				45E10B992C69B77400FC31CD /* Preview Assets.xcassets */,
			);
			path = Resource;
			sourceTree = "<group>";
		};
		45ED09022C6ADD80005A8096 /* DTO */ = {
			isa = PBXGroup;
			children = (
				457B43BD2C6DF56A0049334A /* TodoDTO.swift */,
				45ED09032C6ADDA2005A8096 /* UserDTO.swift */,
			);
			path = DTO;
			sourceTree = "<group>";
		};
/* End PBXGroup section */

/* Begin PBXNativeTarget section */
		45E10B8E2C69B77300FC31CD /* TodoMate */ = {
			isa = PBXNativeTarget;
			buildConfigurationList = 45E10B9E2C69B77400FC31CD /* Build configuration list for PBXNativeTarget "TodoMate" */;
			buildPhases = (
				45E10B8B2C69B77300FC31CD /* Sources */,
				45E10B8C2C69B77300FC31CD /* Frameworks */,
				45E10B8D2C69B77300FC31CD /* Resources */,
			);
			buildRules = (
			);
			dependencies = (
			);
			name = TodoMate;
			packageProductDependencies = (
				4523041D2C6DD1440026C24B /* FirebaseFirestore */,
			);
			productName = TodoMate;
			productReference = 45ACB0082C6B3FED005F4B17 /* TodoMate.app */;
			productType = "com.apple.product-type.application";
		};
/* End PBXNativeTarget section */

/* Begin PBXProject section */
		45E10B872C69B77300FC31CD /* Project object */ = {
			isa = PBXProject;
			attributes = {
				BuildIndependentTargetsInParallel = 1;
				LastSwiftUpdateCheck = 1600;
				LastUpgradeCheck = 1600;
				TargetAttributes = {
					45E10B8E2C69B77300FC31CD = {
						CreatedOnToolsVersion = 16.0;
					};
				};
			};
			buildConfigurationList = 45E10B8A2C69B77300FC31CD /* Build configuration list for PBXProject "TodoMate" */;
			compatibilityVersion = "Xcode 15.0";
			developmentRegion = en;
			hasScannedForEncodings = 0;
			knownRegions = (
				en,
				Base,
			);
			mainGroup = 45E10B862C69B77300FC31CD;
			packageReferences = (
				4523041C2C6DD1440026C24B /* XCRemoteSwiftPackageReference "firebase-ios-sdk" */,
			);
			productRefGroup = 45E10B862C69B77300FC31CD;
			projectDirPath = "";
			projectRoot = "";
			targets = (
				45E10B8E2C69B77300FC31CD /* TodoMate */,
			);
		};
/* End PBXProject section */

/* Begin PBXResourcesBuildPhase section */
		45E10B8D2C69B77300FC31CD /* Resources */ = {
			isa = PBXResourcesBuildPhase;
			buildActionMask = 2147483647;
			files = (
				45E10B9A2C69B77400FC31CD /* Preview Assets.xcassets in Resources */,
				45E10B972C69B77400FC31CD /* Assets.xcassets in Resources */,
				452304202C6DD2DF0026C24B /* GoogleService-Info.plist in Resources */,
			);
			runOnlyForDeploymentPostprocessing = 0;
		};
/* End PBXResourcesBuildPhase section */

/* Begin PBXSourcesBuildPhase section */
		45E10B8B2C69B77300FC31CD /* Sources */ = {
			isa = PBXSourcesBuildPhase;
			buildActionMask = 2147483647;
			files = (
				457B43C42C6DFFBA0049334A /* FirestoreUserRepository.swift in Sources */,
				45ACB00A2C6B6217005F4B17 /* DateSettingView.swift in Sources */,
				457B43BE2C6DF56E0049334A /* TodoDTO.swift in Sources */,
				45E10B952C69B77300FC31CD /* ContentView.swift in Sources */,
				45E10BA32C69FA2F00FC31CD /* Todo.swift in Sources */,
				457B43C02C6DF9610049334A /* FirestoreTodoRepository.swift in Sources */,
				45ACB00E2C6B92A3005F4B17 /* CalendarDay.swift in Sources */,
				457B43CB2C6E18FB0049334A /* UserManager.swift in Sources */,
				45ACB0052C6B0A8D005F4B17 /* TodoListSheetView.swift in Sources */,
				457B43C62C6DFFD00049334A /* FirestoreReference.swift in Sources */,
				45ACB0032C6B0A42005F4B17 /* AppState.swift in Sources */,
				45E10BAD2C6A103900FC31CD /* TodoListView.swift in Sources */,
				45ED09082C6AEC0B005A8096 /* Date+Extension.swift in Sources */,
				45ACB0112C6B93FE005F4B17 /* HoverButtonStyle.swift in Sources */,
				45ED09012C6A1307005A8096 /* StatusPopoverButton.swift in Sources */,
				457B43C22C6DFA600049334A /* TodoManager.swift in Sources */,
				45E10BA62C6A097100FC31CD /* View+Extension.swift in Sources */,
				45ED09042C6ADDA7005A8096 /* UserDTO.swift in Sources */,
				4554309A2C6C43B70003E41C /* CalendarView.swift in Sources */,
				457B43C92C6E0D140049334A /* User.swift in Sources */,
				45E10B932C69B77300FC31CD /* TodoMateApp.swift in Sources */,
				45ACB00C2C6B65E1005F4B17 /* Const.swift in Sources */,
			);
			runOnlyForDeploymentPostprocessing = 0;
		};
/* End PBXSourcesBuildPhase section */

/* Begin XCBuildConfiguration section */
		45E10B9C2C69B77400FC31CD /* Debug */ = {
			isa = XCBuildConfiguration;
			buildSettings = {
				ALWAYS_SEARCH_USER_PATHS = NO;
				ASSETCATALOG_COMPILER_GENERATE_SWIFT_ASSET_SYMBOL_EXTENSIONS = YES;
				CLANG_ANALYZER_NONNULL = YES;
				CLANG_ANALYZER_NUMBER_OBJECT_CONVERSION = YES_AGGRESSIVE;
				CLANG_CXX_LANGUAGE_STANDARD = "gnu++20";
				CLANG_ENABLE_MODULES = YES;
				CLANG_ENABLE_OBJC_ARC = YES;
				CLANG_ENABLE_OBJC_WEAK = YES;
				CLANG_WARN_BLOCK_CAPTURE_AUTORELEASING = YES;
				CLANG_WARN_BOOL_CONVERSION = YES;
				CLANG_WARN_COMMA = YES;
				CLANG_WARN_CONSTANT_CONVERSION = YES;
				CLANG_WARN_DEPRECATED_OBJC_IMPLEMENTATIONS = YES;
				CLANG_WARN_DIRECT_OBJC_ISA_USAGE = YES_ERROR;
				CLANG_WARN_DOCUMENTATION_COMMENTS = YES;
				CLANG_WARN_EMPTY_BODY = YES;
				CLANG_WARN_ENUM_CONVERSION = YES;
				CLANG_WARN_INFINITE_RECURSION = YES;
				CLANG_WARN_INT_CONVERSION = YES;
				CLANG_WARN_NON_LITERAL_NULL_CONVERSION = YES;
				CLANG_WARN_OBJC_IMPLICIT_RETAIN_SELF = YES;
				CLANG_WARN_OBJC_LITERAL_CONVERSION = YES;
				CLANG_WARN_OBJC_ROOT_CLASS = YES_ERROR;
				CLANG_WARN_QUOTED_INCLUDE_IN_FRAMEWORK_HEADER = YES;
				CLANG_WARN_RANGE_LOOP_ANALYSIS = YES;
				CLANG_WARN_STRICT_PROTOTYPES = YES;
				CLANG_WARN_SUSPICIOUS_MOVE = YES;
				CLANG_WARN_UNGUARDED_AVAILABILITY = YES_AGGRESSIVE;
				CLANG_WARN_UNREACHABLE_CODE = YES;
				CLANG_WARN__DUPLICATE_METHOD_MATCH = YES;
				COPY_PHASE_STRIP = NO;
				DEBUG_INFORMATION_FORMAT = dwarf;
				ENABLE_STRICT_OBJC_MSGSEND = YES;
				ENABLE_TESTABILITY = YES;
				ENABLE_USER_SCRIPT_SANDBOXING = YES;
				GCC_C_LANGUAGE_STANDARD = gnu17;
				GCC_DYNAMIC_NO_PIC = NO;
				GCC_NO_COMMON_BLOCKS = YES;
				GCC_OPTIMIZATION_LEVEL = 0;
				GCC_PREPROCESSOR_DEFINITIONS = (
					"DEBUG=1",
					"$(inherited)",
				);
				GCC_WARN_64_TO_32_BIT_CONVERSION = YES;
				GCC_WARN_ABOUT_RETURN_TYPE = YES_ERROR;
				GCC_WARN_UNDECLARED_SELECTOR = YES;
				GCC_WARN_UNINITIALIZED_AUTOS = YES_AGGRESSIVE;
				GCC_WARN_UNUSED_FUNCTION = YES;
				GCC_WARN_UNUSED_VARIABLE = YES;
				LOCALIZATION_PREFERS_STRING_CATALOGS = YES;
				MACOSX_DEPLOYMENT_TARGET = 15.0;
				MTL_ENABLE_DEBUG_INFO = INCLUDE_SOURCE;
				MTL_FAST_MATH = YES;
				ONLY_ACTIVE_ARCH = YES;
				SDKROOT = macosx;
				SWIFT_ACTIVE_COMPILATION_CONDITIONS = "DEBUG $(inherited)";
				SWIFT_OPTIMIZATION_LEVEL = "-Onone";
			};
			name = Debug;
		};
		45E10B9D2C69B77400FC31CD /* Release */ = {
			isa = XCBuildConfiguration;
			buildSettings = {
				ALWAYS_SEARCH_USER_PATHS = NO;
				ASSETCATALOG_COMPILER_GENERATE_SWIFT_ASSET_SYMBOL_EXTENSIONS = YES;
				CLANG_ANALYZER_NONNULL = YES;
				CLANG_ANALYZER_NUMBER_OBJECT_CONVERSION = YES_AGGRESSIVE;
				CLANG_CXX_LANGUAGE_STANDARD = "gnu++20";
				CLANG_ENABLE_MODULES = YES;
				CLANG_ENABLE_OBJC_ARC = YES;
				CLANG_ENABLE_OBJC_WEAK = YES;
				CLANG_WARN_BLOCK_CAPTURE_AUTORELEASING = YES;
				CLANG_WARN_BOOL_CONVERSION = YES;
				CLANG_WARN_COMMA = YES;
				CLANG_WARN_CONSTANT_CONVERSION = YES;
				CLANG_WARN_DEPRECATED_OBJC_IMPLEMENTATIONS = YES;
				CLANG_WARN_DIRECT_OBJC_ISA_USAGE = YES_ERROR;
				CLANG_WARN_DOCUMENTATION_COMMENTS = YES;
				CLANG_WARN_EMPTY_BODY = YES;
				CLANG_WARN_ENUM_CONVERSION = YES;
				CLANG_WARN_INFINITE_RECURSION = YES;
				CLANG_WARN_INT_CONVERSION = YES;
				CLANG_WARN_NON_LITERAL_NULL_CONVERSION = YES;
				CLANG_WARN_OBJC_IMPLICIT_RETAIN_SELF = YES;
				CLANG_WARN_OBJC_LITERAL_CONVERSION = YES;
				CLANG_WARN_OBJC_ROOT_CLASS = YES_ERROR;
				CLANG_WARN_QUOTED_INCLUDE_IN_FRAMEWORK_HEADER = YES;
				CLANG_WARN_RANGE_LOOP_ANALYSIS = YES;
				CLANG_WARN_STRICT_PROTOTYPES = YES;
				CLANG_WARN_SUSPICIOUS_MOVE = YES;
				CLANG_WARN_UNGUARDED_AVAILABILITY = YES_AGGRESSIVE;
				CLANG_WARN_UNREACHABLE_CODE = YES;
				CLANG_WARN__DUPLICATE_METHOD_MATCH = YES;
				COPY_PHASE_STRIP = NO;
				DEBUG_INFORMATION_FORMAT = "dwarf-with-dsym";
				ENABLE_NS_ASSERTIONS = NO;
				ENABLE_STRICT_OBJC_MSGSEND = YES;
				ENABLE_USER_SCRIPT_SANDBOXING = YES;
				GCC_C_LANGUAGE_STANDARD = gnu17;
				GCC_NO_COMMON_BLOCKS = YES;
				GCC_WARN_64_TO_32_BIT_CONVERSION = YES;
				GCC_WARN_ABOUT_RETURN_TYPE = YES_ERROR;
				GCC_WARN_UNDECLARED_SELECTOR = YES;
				GCC_WARN_UNINITIALIZED_AUTOS = YES_AGGRESSIVE;
				GCC_WARN_UNUSED_FUNCTION = YES;
				GCC_WARN_UNUSED_VARIABLE = YES;
				LOCALIZATION_PREFERS_STRING_CATALOGS = YES;
				MACOSX_DEPLOYMENT_TARGET = 15.0;
				MTL_ENABLE_DEBUG_INFO = NO;
				MTL_FAST_MATH = YES;
				SDKROOT = macosx;
				SWIFT_COMPILATION_MODE = wholemodule;
			};
			name = Release;
		};
		45E10B9F2C69B77400FC31CD /* Debug */ = {
			isa = XCBuildConfiguration;
			buildSettings = {
				ASSETCATALOG_COMPILER_APPICON_NAME = AppIcon;
				ASSETCATALOG_COMPILER_GLOBAL_ACCENT_COLOR_NAME = AccentColor;
				CODE_SIGN_ENTITLEMENTS = TodoMate/TodoMate.entitlements;
				CODE_SIGN_STYLE = Automatic;
				COMBINE_HIDPI_IMAGES = YES;
				CURRENT_PROJECT_VERSION = 1;
				DEVELOPMENT_ASSET_PATHS = "\"TodoMate/Resource\"";
				DEVELOPMENT_TEAM = 8PRWAG4355;
				ENABLE_HARDENED_RUNTIME = YES;
				ENABLE_PREVIEWS = YES;
				GENERATE_INFOPLIST_FILE = YES;
				INFOPLIST_KEY_NSHumanReadableCopyright = "";
				LD_RUNPATH_SEARCH_PATHS = (
					"$(inherited)",
					"@executable_path/../Frameworks",
				);
				MARKETING_VERSION = 1.0;
				PRODUCT_BUNDLE_IDENTIFIER = io.hotcs6.TodoMate;
				PRODUCT_NAME = "$(TARGET_NAME)";
				SWIFT_EMIT_LOC_STRINGS = YES;
				SWIFT_VERSION = 5.0;
			};
			name = Debug;
		};
		45E10BA02C69B77400FC31CD /* Release */ = {
			isa = XCBuildConfiguration;
			buildSettings = {
				ASSETCATALOG_COMPILER_APPICON_NAME = AppIcon;
				ASSETCATALOG_COMPILER_GLOBAL_ACCENT_COLOR_NAME = AccentColor;
				CODE_SIGN_ENTITLEMENTS = TodoMate/TodoMate.entitlements;
				CODE_SIGN_STYLE = Automatic;
				COMBINE_HIDPI_IMAGES = YES;
				CURRENT_PROJECT_VERSION = 1;
				DEVELOPMENT_ASSET_PATHS = "\"TodoMate/Resource\"";
				DEVELOPMENT_TEAM = 8PRWAG4355;
				ENABLE_HARDENED_RUNTIME = YES;
				ENABLE_PREVIEWS = YES;
				GENERATE_INFOPLIST_FILE = YES;
				INFOPLIST_KEY_NSHumanReadableCopyright = "";
				LD_RUNPATH_SEARCH_PATHS = (
					"$(inherited)",
					"@executable_path/../Frameworks",
				);
				MARKETING_VERSION = 1.0;
				PRODUCT_BUNDLE_IDENTIFIER = io.hotcs6.TodoMate;
				PRODUCT_NAME = "$(TARGET_NAME)";
				SWIFT_EMIT_LOC_STRINGS = YES;
				SWIFT_VERSION = 5.0;
			};
			name = Release;
		};
/* End XCBuildConfiguration section */

/* Begin XCConfigurationList section */
		45E10B8A2C69B77300FC31CD /* Build configuration list for PBXProject "TodoMate" */ = {
			isa = XCConfigurationList;
			buildConfigurations = (
				45E10B9C2C69B77400FC31CD /* Debug */,
				45E10B9D2C69B77400FC31CD /* Release */,
			);
			defaultConfigurationIsVisible = 0;
			defaultConfigurationName = Release;
		};
		45E10B9E2C69B77400FC31CD /* Build configuration list for PBXNativeTarget "TodoMate" */ = {
			isa = XCConfigurationList;
			buildConfigurations = (
				45E10B9F2C69B77400FC31CD /* Debug */,
				45E10BA02C69B77400FC31CD /* Release */,
			);
			defaultConfigurationIsVisible = 0;
			defaultConfigurationName = Release;
		};
/* End XCConfigurationList section */

/* Begin XCRemoteSwiftPackageReference section */
		4523041C2C6DD1440026C24B /* XCRemoteSwiftPackageReference "firebase-ios-sdk" */ = {
			isa = XCRemoteSwiftPackageReference;
			repositoryURL = "https://github.com/firebase/firebase-ios-sdk.git";
			requirement = {
				kind = upToNextMajorVersion;
				minimumVersion = 11.0.0;
			};
		};
/* End XCRemoteSwiftPackageReference section */

/* Begin XCSwiftPackageProductDependency section */
		4523041D2C6DD1440026C24B /* FirebaseFirestore */ = {
			isa = XCSwiftPackageProductDependency;
			package = 4523041C2C6DD1440026C24B /* XCRemoteSwiftPackageReference "firebase-ios-sdk" */;
			productName = FirebaseFirestore;
		};
/* End XCSwiftPackageProductDependency section */
	};
	rootObject = 45E10B872C69B77300FC31CD /* Project object */;
}
